
Microsoft Visual Studio Solution File, Format Version 12.00
# Visual Studio Version 17
VisualStudioVersion = 17.9.34607.119
MinimumVisualStudioVersion = 10.0.40219.1
Project("{FAE04EC0-301F-11D3-BF4B-00C04F79EFBC}") = "DomainLayer", "DomainLayer\DomainLayer.csproj", "{B3ABF369-A4C9-4322-822A-3E448D5A4497}"
EndProject
Project("{FAE04EC0-301F-11D3-BF4B-00C04F79EFBC}") = "DataSourceLayer", "DataSourceLayer\DataSourceLayer.csproj", "{6BA6C05E-92AB-43E9-B10A-459AEF3DBCFF}"
EndProject
Project("{FAE04EC0-301F-11D3-BF4B-00C04F79EFBC}") = "PresentationLayer", "PresentationLayer\PresentationLayer.csproj", "{B42FAAF5-894D-4384-857C-52F6B2F35D13}"
EndProject
Global
	GlobalSection(SolutionConfigurationPlatforms) = preSolution
		Debug|Any CPU = Debug|Any CPU
		Release|Any CPU = Release|Any CPU
	EndGlobalSection
	GlobalSection(ProjectConfigurationPlatforms) = postSolution
		{B3ABF369-A4C9-4322-822A-3E448D5A4497}.Debug|Any CPU.ActiveCfg = Debug|Any CPU
		{B3ABF369-A4C9-4322-822A-3E448D5A4497}.Debug|Any CPU.Build.0 = Debug|Any CPU
		{B3ABF369-A4C9-4322-822A-3E448D5A4497}.Release|Any CPU.ActiveCfg = Release|Any CPU
		{B3ABF369-A4C9-4322-822A-3E448D5A4497}.Release|Any CPU.Build.0 = Release|Any CPU
		{6BA6C05E-92AB-43E9-B10A-459AEF3DBCFF}.Debug|Any CPU.ActiveCfg = Debug|Any CPU
		{6BA6C05E-92AB-43E9-B10A-459AEF3DBCFF}.Debug|Any CPU.Build.0 = Debug|Any CPU
		{6BA6C05E-92AB-43E9-B10A-459AEF3DBCFF}.Release|Any CPU.ActiveCfg = Release|Any CPU
		{6BA6C05E-92AB-43E9-B10A-459AEF3DBCFF}.Release|Any CPU.Build.0 = Release|Any CPU
		{B42FAAF5-894D-4384-857C-52F6B2F35D13}.Debug|Any CPU.ActiveCfg = Debug|Any CPU
		{B42FAAF5-894D-4384-857C-52F6B2F35D13}.Debug|Any CPU.Build.0 = Debug|Any CPU
		{B42FAAF5-894D-4384-857C-52F6B2F35D13}.Release|Any CPU.ActiveCfg = Release|Any CPU
		{B42FAAF5-894D-4384-857C-52F6B2F35D13}.Release|Any CPU.Build.0 = Release|Any CPU
	EndGlobalSection
	GlobalSection(SolutionProperties) = preSolution
		HideSolutionNode = FALSE
	EndGlobalSection
	GlobalSection(ExtensibilityGlobals) = postSolution
		SolutionGuid = {8C199559-D32F-44A4-AE6E-8634DD43ED08}
	EndGlobalSection
EndGlobal
